
Microsoft Visual Studio Solution File, Format Version 12.00
# Visual Studio 14
VisualStudioVersion = 14.0.25420.1
MinimumVisualStudioVersion = 10.0.40219.1
Project("{FAE04EC0-301F-11D3-BF4B-00C04F79EFBC}") = "Quiron.LojaVirtual.Dominio", "Quiron.LojaVirtual.Dominio\Quiron.LojaVirtual.Dominio.csproj", "{3BCC1DFA-8216-4E32-9443-116F4F23755B}"
EndProject
Project("{FAE04EC0-301F-11D3-BF4B-00C04F79EFBC}") = "Quiron.LojaVirtual.Web", "Quiron.LojaVirtual.Web\Quiron.LojaVirtual.Web.csproj", "{D658F3EA-1EB5-4F74-BBC5-C41E2F567207}"
EndProject
Project("{FAE04EC0-301F-11D3-BF4B-00C04F79EFBC}") = "Quiron.LojaVirtual.UnitTest", "Quiron.LojaVirtual.UnitTest\Quiron.LojaVirtual.UnitTest.csproj", "{B4B86EB9-E110-4D75-8715-ED5BA26C74D3}"
EndProject
Project("{FAE04EC0-301F-11D3-BF4B-00C04F79EFBC}") = "Quiron.LojaVirtual.Web.V2", "Quiron.LojaVirtual.Web.V2\Quiron.LojaVirtual.Web.V2.csproj", "{3F676E77-691E-4797-8C45-33DCFB3E573C}"
EndProject
Global
	GlobalSection(SolutionConfigurationPlatforms) = preSolution
		Debug|Any CPU = Debug|Any CPU
		Release|Any CPU = Release|Any CPU
	EndGlobalSection
	GlobalSection(ProjectConfigurationPlatforms) = postSolution
		{3BCC1DFA-8216-4E32-9443-116F4F23755B}.Debug|Any CPU.ActiveCfg = Debug|Any CPU
		{3BCC1DFA-8216-4E32-9443-116F4F23755B}.Debug|Any CPU.Build.0 = Debug|Any CPU
		{3BCC1DFA-8216-4E32-9443-116F4F23755B}.Release|Any CPU.ActiveCfg = Release|Any CPU
		{3BCC1DFA-8216-4E32-9443-116F4F23755B}.Release|Any CPU.Build.0 = Release|Any CPU
		{D658F3EA-1EB5-4F74-BBC5-C41E2F567207}.Debug|Any CPU.ActiveCfg = Debug|Any CPU
		{D658F3EA-1EB5-4F74-BBC5-C41E2F567207}.Debug|Any CPU.Build.0 = Debug|Any CPU
		{D658F3EA-1EB5-4F74-BBC5-C41E2F567207}.Release|Any CPU.ActiveCfg = Release|Any CPU
		{D658F3EA-1EB5-4F74-BBC5-C41E2F567207}.Release|Any CPU.Build.0 = Release|Any CPU
		{B4B86EB9-E110-4D75-8715-ED5BA26C74D3}.Debug|Any CPU.ActiveCfg = Debug|Any CPU
		{B4B86EB9-E110-4D75-8715-ED5BA26C74D3}.Debug|Any CPU.Build.0 = Debug|Any CPU
		{B4B86EB9-E110-4D75-8715-ED5BA26C74D3}.Release|Any CPU.ActiveCfg = Release|Any CPU
		{B4B86EB9-E110-4D75-8715-ED5BA26C74D3}.Release|Any CPU.Build.0 = Release|Any CPU
		{3F676E77-691E-4797-8C45-33DCFB3E573C}.Debug|Any CPU.ActiveCfg = Debug|Any CPU
		{3F676E77-691E-4797-8C45-33DCFB3E573C}.Debug|Any CPU.Build.0 = Debug|Any CPU
		{3F676E77-691E-4797-8C45-33DCFB3E573C}.Release|Any CPU.ActiveCfg = Release|Any CPU
		{3F676E77-691E-4797-8C45-33DCFB3E573C}.Release|Any CPU.Build.0 = Release|Any CPU
	EndGlobalSection
	GlobalSection(SolutionProperties) = preSolution
		HideSolutionNode = FALSE
	EndGlobalSection
EndGlobal
